
Microsoft Visual Studio Solution File, Format Version 12.00
# Visual Studio Version 16
VisualStudioVersion = 16.0.30413.136
MinimumVisualStudioVersion = 10.0.40219.1
Project("{FAE04EC0-301F-11D3-BF4B-00C04F79EFBC}") = "Client", "Client\Client.csproj", "{EB604BFF-4219-4978-A26F-D2B0BFD86D8A}"
EndProject
Global
	GlobalSection(SolutionConfigurationPlatforms) = preSolution
		Debug|Any CPU = Debug|Any CPU
		Release|Any CPU = Release|Any CPU
	EndGlobalSection
	GlobalSection(ProjectConfigurationPlatforms) = postSolution
		{EB604BFF-4219-4978-A26F-D2B0BFD86D8A}.Debug|Any CPU.ActiveCfg = Debug|Any CPU
		{EB604BFF-4219-4978-A26F-D2B0BFD86D8A}.Debug|Any CPU.Build.0 = Debug|Any CPU
		{EB604BFF-4219-4978-A26F-D2B0BFD86D8A}.Release|Any CPU.ActiveCfg = Release|Any CPU
		{EB604BFF-4219-4978-A26F-D2B0BFD86D8A}.Release|Any CPU.Build.0 = Release|Any CPU
	EndGlobalSection
	GlobalSection(SolutionProperties) = preSolution
		HideSolutionNode = FALSE
	EndGlobalSection
	GlobalSection(ExtensibilityGlobals) = postSolution
		SolutionGuid = {465FD425-2370-4E3F-8B18-75C8982CD548}
	EndGlobalSection
EndGlobal
